
Microsoft Visual Studio Solution File, Format Version 12.00
# Visual Studio 2013
VisualStudioVersion = 12.0.30723.0
MinimumVisualStudioVersion = 10.0.40219.1
Project("{FAE04EC0-301F-11D3-BF4B-00C04F79EFBC}") = "FROMInExchange", "FROMInExchange\FROMInExchange.csproj", "{F8841A05-2160-4675-AFEE-825EC0073C6C}"
EndProject
Project("{FAE04EC0-301F-11D3-BF4B-00C04F79EFBC}") = "TOInExchange", "TOInExchange\TOInExchange.csproj", "{BFB2AFAA-70C0-45A6-BEB9-3FB2E36B5739}"
EndProject
Global
	GlobalSection(SolutionConfigurationPlatforms) = preSolution
		Debug|Any CPU = Debug|Any CPU
		Release|Any CPU = Release|Any CPU
	EndGlobalSection
	GlobalSection(ProjectConfigurationPlatforms) = postSolution
		{F8841A05-2160-4675-AFEE-825EC0073C6C}.Debug|Any CPU.ActiveCfg = Debug|Any CPU
		{F8841A05-2160-4675-AFEE-825EC0073C6C}.Debug|Any CPU.Build.0 = Debug|Any CPU
		{F8841A05-2160-4675-AFEE-825EC0073C6C}.Release|Any CPU.ActiveCfg = Release|Any CPU
		{F8841A05-2160-4675-AFEE-825EC0073C6C}.Release|Any CPU.Build.0 = Release|Any CPU
		{BFB2AFAA-70C0-45A6-BEB9-3FB2E36B5739}.Debug|Any CPU.ActiveCfg = Debug|Any CPU
		{BFB2AFAA-70C0-45A6-BEB9-3FB2E36B5739}.Debug|Any CPU.Build.0 = Debug|Any CPU
		{BFB2AFAA-70C0-45A6-BEB9-3FB2E36B5739}.Release|Any CPU.ActiveCfg = Release|Any CPU
		{BFB2AFAA-70C0-45A6-BEB9-3FB2E36B5739}.Release|Any CPU.Build.0 = Release|Any CPU
	EndGlobalSection
	GlobalSection(SolutionProperties) = preSolution
		HideSolutionNode = FALSE
	EndGlobalSection
EndGlobal
